
Microsoft Visual Studio Solution File, Format Version 12.00
# Visual Studio Version 17
VisualStudioVersion = 17.5.33424.131
MinimumVisualStudioVersion = 10.0.40219.1
Project("{2150E333-8FDC-42A3-9474-1A3956D46DE8}") = "Domin", "Domin", "{FC0F6FB4-7A3B-44DA-866C-DC4BE0BAD2A4}"
EndProject
Project("{9A19103F-16F7-4668-BE54-9A1E7A4F7556}") = "CD.Domain", "CD.Domin\CD.Domain.csproj", "{81C52EA0-F91C-4150-88AC-E599C00A57CB}"
EndProject
Project("{2150E333-8FDC-42A3-9474-1A3956D46DE8}") = "Application", "Application", "{3AAC9FAC-AE0C-4FC3-A334-8696D2503C1E}"
EndProject
Project("{9A19103F-16F7-4668-BE54-9A1E7A4F7556}") = "CD.ApplicationContracts", "CD.ApplicationContracts\CD.ApplicationContracts.csproj", "{212AA12C-9001-4A25-8125-71CCC322A1EB}"
EndProject
Project("{9A19103F-16F7-4668-BE54-9A1E7A4F7556}") = "CD.Application", "CD.Application\CD.Application.csproj", "{0938D233-AD28-44B6-B3E7-71DC32E653D2}"
EndProject
Project("{2150E333-8FDC-42A3-9474-1A3956D46DE8}") = "Infrastructure", "Infrastructure", "{52081036-8102-49B5-AC4B-D69246F5EA66}"
EndProject
Project("{9A19103F-16F7-4668-BE54-9A1E7A4F7556}") = "CD.Infrastructure", "CD.Infrastructure\CD.Infrastructure.csproj", "{1BF6F459-F4B8-4C43-9F05-E5DB94AC602D}"
EndProject
Project("{9A19103F-16F7-4668-BE54-9A1E7A4F7556}") = "CD.UseCase", "CD.UseCase\CD.UseCase.csproj", "{DF203093-EB4D-4D8A-9243-FA69A69A4E9F}"
EndProject
Project("{2150E333-8FDC-42A3-9474-1A3956D46DE8}") = "InfrastructureConfig", "InfrastructureConfig", "{B6B990E6-E170-43B0-BEAC-533B35AAFE46}"
EndProject
Project("{FAE04EC0-301F-11D3-BF4B-00C04F79EFBC}") = "CD.InfrastructureConfig", "CD.InfrastructureConfig\CD.InfrastructureConfig.csproj", "{AC63DF2C-B725-4290-97EE-301EFC8AB3B7}"
EndProject
Global
	GlobalSection(SolutionConfigurationPlatforms) = preSolution
		Debug|Any CPU = Debug|Any CPU
		Release|Any CPU = Release|Any CPU
	EndGlobalSection
	GlobalSection(ProjectConfigurationPlatforms) = postSolution
		{81C52EA0-F91C-4150-88AC-E599C00A57CB}.Debug|Any CPU.ActiveCfg = Debug|Any CPU
		{81C52EA0-F91C-4150-88AC-E599C00A57CB}.Debug|Any CPU.Build.0 = Debug|Any CPU
		{81C52EA0-F91C-4150-88AC-E599C00A57CB}.Release|Any CPU.ActiveCfg = Release|Any CPU
		{81C52EA0-F91C-4150-88AC-E599C00A57CB}.Release|Any CPU.Build.0 = Release|Any CPU
		{212AA12C-9001-4A25-8125-71CCC322A1EB}.Debug|Any CPU.ActiveCfg = Debug|Any CPU
		{212AA12C-9001-4A25-8125-71CCC322A1EB}.Debug|Any CPU.Build.0 = Debug|Any CPU
		{212AA12C-9001-4A25-8125-71CCC322A1EB}.Release|Any CPU.ActiveCfg = Release|Any CPU
		{212AA12C-9001-4A25-8125-71CCC322A1EB}.Release|Any CPU.Build.0 = Release|Any CPU
		{0938D233-AD28-44B6-B3E7-71DC32E653D2}.Debug|Any CPU.ActiveCfg = Debug|Any CPU
		{0938D233-AD28-44B6-B3E7-71DC32E653D2}.Debug|Any CPU.Build.0 = Debug|Any CPU
		{0938D233-AD28-44B6-B3E7-71DC32E653D2}.Release|Any CPU.ActiveCfg = Release|Any CPU
		{0938D233-AD28-44B6-B3E7-71DC32E653D2}.Release|Any CPU.Build.0 = Release|Any CPU
		{1BF6F459-F4B8-4C43-9F05-E5DB94AC602D}.Debug|Any CPU.ActiveCfg = Debug|Any CPU
		{1BF6F459-F4B8-4C43-9F05-E5DB94AC602D}.Debug|Any CPU.Build.0 = Debug|Any CPU
		{1BF6F459-F4B8-4C43-9F05-E5DB94AC602D}.Release|Any CPU.ActiveCfg = Release|Any CPU
		{1BF6F459-F4B8-4C43-9F05-E5DB94AC602D}.Release|Any CPU.Build.0 = Release|Any CPU
		{DF203093-EB4D-4D8A-9243-FA69A69A4E9F}.Debug|Any CPU.ActiveCfg = Debug|Any CPU
		{DF203093-EB4D-4D8A-9243-FA69A69A4E9F}.Debug|Any CPU.Build.0 = Debug|Any CPU
		{DF203093-EB4D-4D8A-9243-FA69A69A4E9F}.Release|Any CPU.ActiveCfg = Release|Any CPU
		{DF203093-EB4D-4D8A-9243-FA69A69A4E9F}.Release|Any CPU.Build.0 = Release|Any CPU
		{AC63DF2C-B725-4290-97EE-301EFC8AB3B7}.Debug|Any CPU.ActiveCfg = Debug|Any CPU
		{AC63DF2C-B725-4290-97EE-301EFC8AB3B7}.Debug|Any CPU.Build.0 = Debug|Any CPU
		{AC63DF2C-B725-4290-97EE-301EFC8AB3B7}.Release|Any CPU.ActiveCfg = Release|Any CPU
		{AC63DF2C-B725-4290-97EE-301EFC8AB3B7}.Release|Any CPU.Build.0 = Release|Any CPU
	EndGlobalSection
	GlobalSection(SolutionProperties) = preSolution
		HideSolutionNode = FALSE
	EndGlobalSection
	GlobalSection(NestedProjects) = preSolution
		{81C52EA0-F91C-4150-88AC-E599C00A57CB} = {FC0F6FB4-7A3B-44DA-866C-DC4BE0BAD2A4}
		{212AA12C-9001-4A25-8125-71CCC322A1EB} = {3AAC9FAC-AE0C-4FC3-A334-8696D2503C1E}
		{0938D233-AD28-44B6-B3E7-71DC32E653D2} = {3AAC9FAC-AE0C-4FC3-A334-8696D2503C1E}
		{1BF6F459-F4B8-4C43-9F05-E5DB94AC602D} = {52081036-8102-49B5-AC4B-D69246F5EA66}
		{AC63DF2C-B725-4290-97EE-301EFC8AB3B7} = {B6B990E6-E170-43B0-BEAC-533B35AAFE46}
	EndGlobalSection
	GlobalSection(ExtensibilityGlobals) = postSolution
		SolutionGuid = {398B3128-BBC9-4943-A2C4-EA25A6D443E8}
	EndGlobalSection
EndGlobal
